
Microsoft Visual Studio Solution File, Format Version 12.00
# Visual Studio Version 17
VisualStudioVersion = 17.5.33516.290
MinimumVisualStudioVersion = 10.0.40219.1
Project("{FAE04EC0-301F-11D3-BF4B-00C04F79EFBC}") = "TruckTracking", "TruckTracking.csproj", "{8BAA50D2-1F70-491D-8A37-4D53E1A8A125}"
EndProject
Global
	GlobalSection(SolutionConfigurationPlatforms) = preSolution
		Debug|Any CPU = Debug|Any CPU
		Release|Any CPU = Release|Any CPU
	EndGlobalSection
	GlobalSection(ProjectConfigurationPlatforms) = postSolution
		{8BAA50D2-1F70-491D-8A37-4D53E1A8A125}.Debug|Any CPU.ActiveCfg = Debug|Any CPU
		{8BAA50D2-1F70-491D-8A37-4D53E1A8A125}.Debug|Any CPU.Build.0 = Debug|Any CPU
		{8BAA50D2-1F70-491D-8A37-4D53E1A8A125}.Release|Any CPU.ActiveCfg = Release|Any CPU
		{8BAA50D2-1F70-491D-8A37-4D53E1A8A125}.Release|Any CPU.Build.0 = Release|Any CPU
	EndGlobalSection
	GlobalSection(SolutionProperties) = preSolution
		HideSolutionNode = FALSE
	EndGlobalSection
	GlobalSection(ExtensibilityGlobals) = postSolution
		SolutionGuid = {B3001D21-3BB4-44CB-A676-21690F540E70}
	EndGlobalSection
EndGlobal
